
Microsoft Visual Studio Solution File, Format Version 12.00
# Visual Studio Version 16
VisualStudioVersion = 16.0.35425.106
MinimumVisualStudioVersion = 10.0.40219.1
Project("{FAE04EC0-301F-11D3-BF4B-00C04F79EFBC}") = "SinqiaExam", "SinqiaExam\SinqiaExam.csproj", "{A986656A-8A95-4182-86E8-C633C196A6D5}"
EndProject
Project("{2150E333-8FDC-42A3-9474-1A3956D46DE8}") = "01 - API", "01 - API", "{78C4B864-8F27-4241-A463-F62420A2FED6}"
EndProject
Project("{2150E333-8FDC-42A3-9474-1A3956D46DE8}") = "02 - AppService", "02 - AppService", "{83E4D0AB-8A0C-4A6C-925D-12DB69488AE8}"
EndProject
Project("{2150E333-8FDC-42A3-9474-1A3956D46DE8}") = "03 - Domain", "03 - Domain", "{E6FAFDC9-81DF-45D1-8E5B-459458D9DF76}"
EndProject
Project("{2150E333-8FDC-42A3-9474-1A3956D46DE8}") = "04 - Infra", "04 - Infra", "{177CEC9D-C854-4987-A3B9-20D8D4696FEB}"
EndProject
Project("{2150E333-8FDC-42A3-9474-1A3956D46DE8}") = "4.1 - Data", "4.1 - Data", "{44F50632-ADF6-4199-AC06-839BA88B1068}"
EndProject
Project("{FAE04EC0-301F-11D3-BF4B-00C04F79EFBC}") = "SinqiaExam.Data", "SinqiaExam.Data\SinqiaExam.Data.csproj", "{23C48541-27FA-400C-BCD3-5B71B14967D4}"
EndProject
Project("{FAE04EC0-301F-11D3-BF4B-00C04F79EFBC}") = "SinqiaExam.Domain", "SinqiaExam.Domain\SinqiaExam.Domain.csproj", "{BBB41AB3-563F-4D72-B1C9-B8A9C90D8B0E}"
EndProject
Project("{FAE04EC0-301F-11D3-BF4B-00C04F79EFBC}") = "SinqiaExam.AppService", "AppService\SinqiaExam.AppService.csproj", "{04609875-A639-4809-A660-419FD7C70B64}"
EndProject
Project("{2150E333-8FDC-42A3-9474-1A3956D46DE8}") = "4.2 - CrossCutting", "4.2 - CrossCutting", "{84CFEE4B-C96C-418E-8A60-0B7F75DE80AB}"
EndProject
Project("{FAE04EC0-301F-11D3-BF4B-00C04F79EFBC}") = "SinqiaExam.CrossCutting", "SinqiaExam.CrossCutting\SinqiaExam.CrossCutting.csproj", "{CEA9AC97-14BF-4F7C-ACB2-E106B90235B2}"
EndProject
Project("{FAE04EC0-301F-11D3-BF4B-00C04F79EFBC}") = "SinqiaExam.IoC", "SinqiaExam.IoC\SinqiaExam.IoC.csproj", "{2419DCCB-65C7-4472-9B97-76AAF5827184}"
EndProject
Project("{2150E333-8FDC-42A3-9474-1A3956D46DE8}") = "05 - Test", "05 - Test", "{8260CD7E-E918-4AD8-8A62-1BC46ABE696A}"
EndProject
Project("{FAE04EC0-301F-11D3-BF4B-00C04F79EFBC}") = "SinqiaExam.Domain.Test", "SinqiaExam.Domain.Test\SinqiaExam.Domain.Test.csproj", "{CC50E8D6-71B2-4E69-9A5A-70ED1586A6FA}"
EndProject
Global
	GlobalSection(SolutionConfigurationPlatforms) = preSolution
		Debug|Any CPU = Debug|Any CPU
		Release|Any CPU = Release|Any CPU
	EndGlobalSection
	GlobalSection(ProjectConfigurationPlatforms) = postSolution
		{A986656A-8A95-4182-86E8-C633C196A6D5}.Debug|Any CPU.ActiveCfg = Debug|Any CPU
		{A986656A-8A95-4182-86E8-C633C196A6D5}.Debug|Any CPU.Build.0 = Debug|Any CPU
		{A986656A-8A95-4182-86E8-C633C196A6D5}.Release|Any CPU.ActiveCfg = Release|Any CPU
		{A986656A-8A95-4182-86E8-C633C196A6D5}.Release|Any CPU.Build.0 = Release|Any CPU
		{23C48541-27FA-400C-BCD3-5B71B14967D4}.Debug|Any CPU.ActiveCfg = Debug|Any CPU
		{23C48541-27FA-400C-BCD3-5B71B14967D4}.Debug|Any CPU.Build.0 = Debug|Any CPU
		{23C48541-27FA-400C-BCD3-5B71B14967D4}.Release|Any CPU.ActiveCfg = Release|Any CPU
		{23C48541-27FA-400C-BCD3-5B71B14967D4}.Release|Any CPU.Build.0 = Release|Any CPU
		{BBB41AB3-563F-4D72-B1C9-B8A9C90D8B0E}.Debug|Any CPU.ActiveCfg = Debug|Any CPU
		{BBB41AB3-563F-4D72-B1C9-B8A9C90D8B0E}.Debug|Any CPU.Build.0 = Debug|Any CPU
		{BBB41AB3-563F-4D72-B1C9-B8A9C90D8B0E}.Release|Any CPU.ActiveCfg = Release|Any CPU
		{BBB41AB3-563F-4D72-B1C9-B8A9C90D8B0E}.Release|Any CPU.Build.0 = Release|Any CPU
		{04609875-A639-4809-A660-419FD7C70B64}.Debug|Any CPU.ActiveCfg = Debug|Any CPU
		{04609875-A639-4809-A660-419FD7C70B64}.Debug|Any CPU.Build.0 = Debug|Any CPU
		{04609875-A639-4809-A660-419FD7C70B64}.Release|Any CPU.ActiveCfg = Release|Any CPU
		{04609875-A639-4809-A660-419FD7C70B64}.Release|Any CPU.Build.0 = Release|Any CPU
		{CEA9AC97-14BF-4F7C-ACB2-E106B90235B2}.Debug|Any CPU.ActiveCfg = Debug|Any CPU
		{CEA9AC97-14BF-4F7C-ACB2-E106B90235B2}.Debug|Any CPU.Build.0 = Debug|Any CPU
		{CEA9AC97-14BF-4F7C-ACB2-E106B90235B2}.Release|Any CPU.ActiveCfg = Release|Any CPU
		{CEA9AC97-14BF-4F7C-ACB2-E106B90235B2}.Release|Any CPU.Build.0 = Release|Any CPU
		{2419DCCB-65C7-4472-9B97-76AAF5827184}.Debug|Any CPU.ActiveCfg = Debug|Any CPU
		{2419DCCB-65C7-4472-9B97-76AAF5827184}.Debug|Any CPU.Build.0 = Debug|Any CPU
		{2419DCCB-65C7-4472-9B97-76AAF5827184}.Release|Any CPU.ActiveCfg = Release|Any CPU
		{2419DCCB-65C7-4472-9B97-76AAF5827184}.Release|Any CPU.Build.0 = Release|Any CPU
		{CC50E8D6-71B2-4E69-9A5A-70ED1586A6FA}.Debug|Any CPU.ActiveCfg = Debug|Any CPU
		{CC50E8D6-71B2-4E69-9A5A-70ED1586A6FA}.Debug|Any CPU.Build.0 = Debug|Any CPU
		{CC50E8D6-71B2-4E69-9A5A-70ED1586A6FA}.Release|Any CPU.ActiveCfg = Release|Any CPU
		{CC50E8D6-71B2-4E69-9A5A-70ED1586A6FA}.Release|Any CPU.Build.0 = Release|Any CPU
	EndGlobalSection
	GlobalSection(SolutionProperties) = preSolution
		HideSolutionNode = FALSE
	EndGlobalSection
	GlobalSection(NestedProjects) = preSolution
		{A986656A-8A95-4182-86E8-C633C196A6D5} = {78C4B864-8F27-4241-A463-F62420A2FED6}
		{44F50632-ADF6-4199-AC06-839BA88B1068} = {177CEC9D-C854-4987-A3B9-20D8D4696FEB}
		{23C48541-27FA-400C-BCD3-5B71B14967D4} = {44F50632-ADF6-4199-AC06-839BA88B1068}
		{BBB41AB3-563F-4D72-B1C9-B8A9C90D8B0E} = {E6FAFDC9-81DF-45D1-8E5B-459458D9DF76}
		{04609875-A639-4809-A660-419FD7C70B64} = {83E4D0AB-8A0C-4A6C-925D-12DB69488AE8}
		{84CFEE4B-C96C-418E-8A60-0B7F75DE80AB} = {177CEC9D-C854-4987-A3B9-20D8D4696FEB}
		{CEA9AC97-14BF-4F7C-ACB2-E106B90235B2} = {84CFEE4B-C96C-418E-8A60-0B7F75DE80AB}
		{2419DCCB-65C7-4472-9B97-76AAF5827184} = {84CFEE4B-C96C-418E-8A60-0B7F75DE80AB}
		{CC50E8D6-71B2-4E69-9A5A-70ED1586A6FA} = {8260CD7E-E918-4AD8-8A62-1BC46ABE696A}
	EndGlobalSection
	GlobalSection(ExtensibilityGlobals) = postSolution
		SolutionGuid = {412F40DB-8D75-45F6-9AF2-F102CFBF10B1}
	EndGlobalSection
EndGlobal
